// !$*UTF8*$!
{
	archiveVersion = 1;
	classes = {
	};
	objectVersion = 50;
	objects = {

/* Begin PBXBuildFile section */
		34A7EB0F24B147E600F0BE47 /* Tests_iOS.swift in Sources */ = {isa = PBXBuildFile; fileRef = 34A7EB0E24B147E600F0BE47 /* Tests_iOS.swift */; };
		34A7EB1A24B147E600F0BE47 /* Tests_macOS.swift in Sources */ = {isa = PBXBuildFile; fileRef = 34A7EB1924B147E600F0BE47 /* Tests_macOS.swift */; };
		34A7EB1C24B147E600F0BE47 /* CovidCityApp.swift in Sources */ = {isa = PBXBuildFile; fileRef = 34A7EAF324B147E500F0BE47 /* CovidCityApp.swift */; };
		34A7EB1D24B147E600F0BE47 /* CovidCityApp.swift in Sources */ = {isa = PBXBuildFile; fileRef = 34A7EAF324B147E500F0BE47 /* CovidCityApp.swift */; };
		34A7EB1E24B147E600F0BE47 /* ContentView.swift in Sources */ = {isa = PBXBuildFile; fileRef = 34A7EAF424B147E500F0BE47 /* ContentView.swift */; };
		34A7EB1F24B147E600F0BE47 /* ContentView.swift in Sources */ = {isa = PBXBuildFile; fileRef = 34A7EAF424B147E500F0BE47 /* ContentView.swift */; };
		34A7EB2024B147E600F0BE47 /* Assets.xcassets in Resources */ = {isa = PBXBuildFile; fileRef = 34A7EAF524B147E600F0BE47 /* Assets.xcassets */; };
		34A7EB2124B147E600F0BE47 /* Assets.xcassets in Resources */ = {isa = PBXBuildFile; fileRef = 34A7EAF524B147E600F0BE47 /* Assets.xcassets */; };
/* End PBXBuildFile section */

/* Begin PBXContainerItemProxy section */
		34A7EB0B24B147E600F0BE47 /* PBXContainerItemProxy */ = {
			isa = PBXContainerItemProxy;
			containerPortal = 34A7EAEE24B147E500F0BE47 /* Project object */;
			proxyType = 1;
			remoteGlobalIDString = 34A7EAF924B147E600F0BE47;
			remoteInfo = iOS;
		};
		34A7EB1624B147E600F0BE47 /* PBXContainerItemProxy */ = {
			isa = PBXContainerItemProxy;
			containerPortal = 34A7EAEE24B147E500F0BE47 /* Project object */;
			proxyType = 1;
			remoteGlobalIDString = 34A7EB0124B147E600F0BE47;
			remoteInfo = macOS;
		};
/* End PBXContainerItemProxy section */

/* Begin PBXFileReference section */
		34A7EAF324B147E500F0BE47 /* CovidCityApp.swift */ = {isa = PBXFileReference; lastKnownFileType = sourcecode.swift; path = CovidCityApp.swift; sourceTree = "<group>"; };
		34A7EAF424B147E500F0BE47 /* ContentView.swift */ = {isa = PBXFileReference; lastKnownFileType = sourcecode.swift; path = ContentView.swift; sourceTree = "<group>"; };
		34A7EAF524B147E600F0BE47 /* Assets.xcassets */ = {isa = PBXFileReference; lastKnownFileType = folder.assetcatalog; path = Assets.xcassets; sourceTree = "<group>"; };
		34A7EAFA24B147E600F0BE47 /* CovidCity.app */ = {isa = PBXFileReference; explicitFileType = wrapper.application; includeInIndex = 0; path = CovidCity.app; sourceTree = BUILT_PRODUCTS_DIR; };
		34A7EAFD24B147E600F0BE47 /* Info.plist */ = {isa = PBXFileReference; lastKnownFileType = text.plist.xml; path = Info.plist; sourceTree = "<group>"; };
		34A7EB0224B147E600F0BE47 /* CovidCity.app */ = {isa = PBXFileReference; explicitFileType = wrapper.application; includeInIndex = 0; path = CovidCity.app; sourceTree = BUILT_PRODUCTS_DIR; };
		34A7EB0424B147E600F0BE47 /* Info.plist */ = {isa = PBXFileReference; lastKnownFileType = text.plist.xml; path = Info.plist; sourceTree = "<group>"; };
		34A7EB0524B147E600F0BE47 /* macOS.entitlements */ = {isa = PBXFileReference; lastKnownFileType = text.plist.entitlements; path = macOS.entitlements; sourceTree = "<group>"; };
		34A7EB0A24B147E600F0BE47 /* Tests iOS.xctest */ = {isa = PBXFileReference; explicitFileType = wrapper.cfbundle; includeInIndex = 0; path = "Tests iOS.xctest"; sourceTree = BUILT_PRODUCTS_DIR; };
		34A7EB0E24B147E600F0BE47 /* Tests_iOS.swift */ = {isa = PBXFileReference; lastKnownFileType = sourcecode.swift; path = Tests_iOS.swift; sourceTree = "<group>"; };
		34A7EB1024B147E600F0BE47 /* Info.plist */ = {isa = PBXFileReference; lastKnownFileType = text.plist.xml; path = Info.plist; sourceTree = "<group>"; };
		34A7EB1524B147E600F0BE47 /* Tests macOS.xctest */ = {isa = PBXFileReference; explicitFileType = wrapper.cfbundle; includeInIndex = 0; path = "Tests macOS.xctest"; sourceTree = BUILT_PRODUCTS_DIR; };
		34A7EB1924B147E600F0BE47 /* Tests_macOS.swift */ = {isa = PBXFileReference; lastKnownFileType = sourcecode.swift; path = Tests_macOS.swift; sourceTree = "<group>"; };
		34A7EB1B24B147E600F0BE47 /* Info.plist */ = {isa = PBXFileReference; lastKnownFileType = text.plist.xml; path = Info.plist; sourceTree = "<group>"; };
/* End PBXFileReference section */

/* Begin PBXFrameworksBuildPhase section */
		34A7EAF724B147E600F0BE47 /* Frameworks */ = {
			isa = PBXFrameworksBuildPhase;
			buildActionMask = 2147483647;
			files = (
			);
			runOnlyForDeploymentPostprocessing = 0;
		};
		34A7EAFF24B147E600F0BE47 /* Frameworks */ = {
			isa = PBXFrameworksBuildPhase;
			buildActionMask = 2147483647;
			files = (
			);
			runOnlyForDeploymentPostprocessing = 0;
		};
		34A7EB0724B147E600F0BE47 /* Frameworks */ = {
			isa = PBXFrameworksBuildPhase;
			buildActionMask = 2147483647;
			files = (
			);
			runOnlyForDeploymentPostprocessing = 0;
		};
		34A7EB1224B147E600F0BE47 /* Frameworks */ = {
			isa = PBXFrameworksBuildPhase;
			buildActionMask = 2147483647;
			files = (
			);
			runOnlyForDeploymentPostprocessing = 0;
		};
/* End PBXFrameworksBuildPhase section */

/* Begin PBXGroup section */
		34A7EAED24B147E500F0BE47 = {
			isa = PBXGroup;
			children = (
				34A7EAF224B147E500F0BE47 /* Shared */,
				34A7EAFC24B147E600F0BE47 /* iOS */,
				34A7EB0324B147E600F0BE47 /* macOS */,
				34A7EB0D24B147E600F0BE47 /* Tests iOS */,
				34A7EB1824B147E600F0BE47 /* Tests macOS */,
				34A7EAFB24B147E600F0BE47 /* Products */,
			);
			sourceTree = "<group>";
		};
		34A7EAF224B147E500F0BE47 /* Shared */ = {
			isa = PBXGroup;
			children = (
				34A7EAF324B147E500F0BE47 /* CovidCityApp.swift */,
				34A7EAF424B147E500F0BE47 /* ContentView.swift */,
				34A7EAF524B147E600F0BE47 /* Assets.xcassets */,
			);
			path = Shared;
			sourceTree = "<group>";
		};
		34A7EAFB24B147E600F0BE47 /* Products */ = {
			isa = PBXGroup;
			children = (
				34A7EAFA24B147E600F0BE47 /* CovidCity.app */,
				34A7EB0224B147E600F0BE47 /* CovidCity.app */,
				34A7EB0A24B147E600F0BE47 /* Tests iOS.xctest */,
				34A7EB1524B147E600F0BE47 /* Tests macOS.xctest */,
			);
			name = Products;
			sourceTree = "<group>";
		};
		34A7EAFC24B147E600F0BE47 /* iOS */ = {
			isa = PBXGroup;
			children = (
				34A7EAFD24B147E600F0BE47 /* Info.plist */,
			);
			path = iOS;
			sourceTree = "<group>";
		};
		34A7EB0324B147E600F0BE47 /* macOS */ = {
			isa = PBXGroup;
			children = (
				34A7EB0424B147E600F0BE47 /* Info.plist */,
				34A7EB0524B147E600F0BE47 /* macOS.entitlements */,
			);
			path = macOS;
			sourceTree = "<group>";
		};
		34A7EB0D24B147E600F0BE47 /* Tests iOS */ = {
			isa = PBXGroup;
			children = (
				34A7EB0E24B147E600F0BE47 /* Tests_iOS.swift */,
				34A7EB1024B147E600F0BE47 /* Info.plist */,
			);
			path = "Tests iOS";
			sourceTree = "<group>";
		};
		34A7EB1824B147E600F0BE47 /* Tests macOS */ = {
			isa = PBXGroup;
			children = (
				34A7EB1924B147E600F0BE47 /* Tests_macOS.swift */,
				34A7EB1B24B147E600F0BE47 /* Info.plist */,
			);
			path = "Tests macOS";
			sourceTree = "<group>";
		};
/* End PBXGroup section */

/* Begin PBXNativeTarget section */
		34A7EAF924B147E600F0BE47 /* iOS */ = {
			isa = PBXNativeTarget;
			buildConfigurationList = 34A7EB2424B147E600F0BE47 /* Build configuration list for PBXNativeTarget "iOS" */;
			buildPhases = (
				34A7EAF624B147E600F0BE47 /* Sources */,
				34A7EAF724B147E600F0BE47 /* Frameworks */,
				34A7EAF824B147E600F0BE47 /* Resources */,
			);
			buildRules = (
			);
			dependencies = (
			);
			name = iOS;
			productName = iOS;
			productReference = 34A7EAFA24B147E600F0BE47 /* CovidCity.app */;
			productType = "com.apple.product-type.application";
		};
		34A7EB0124B147E600F0BE47 /* macOS */ = {
			isa = PBXNativeTarget;
			buildConfigurationList = 34A7EB2724B147E600F0BE47 /* Build configuration list for PBXNativeTarget "macOS" */;
			buildPhases = (
				34A7EAFE24B147E600F0BE47 /* Sources */,
				34A7EAFF24B147E600F0BE47 /* Frameworks */,
				34A7EB0024B147E600F0BE47 /* Resources */,
			);
			buildRules = (
			);
			dependencies = (
			);
			name = macOS;
			productName = macOS;
			productReference = 34A7EB0224B147E600F0BE47 /* CovidCity.app */;
			productType = "com.apple.product-type.application";
		};
		34A7EB0924B147E600F0BE47 /* Tests iOS */ = {
			isa = PBXNativeTarget;
			buildConfigurationList = 34A7EB2A24B147E600F0BE47 /* Build configuration list for PBXNativeTarget "Tests iOS" */;
			buildPhases = (
				34A7EB0624B147E600F0BE47 /* Sources */,
				34A7EB0724B147E600F0BE47 /* Frameworks */,
				34A7EB0824B147E600F0BE47 /* Resources */,
			);
			buildRules = (
			);
			dependencies = (
				34A7EB0C24B147E600F0BE47 /* PBXTargetDependency */,
			);
			name = "Tests iOS";
			productName = "Tests iOS";
			productReference = 34A7EB0A24B147E600F0BE47 /* Tests iOS.xctest */;
			productType = "com.apple.product-type.bundle.ui-testing";
		};
		34A7EB1424B147E600F0BE47 /* Tests macOS */ = {
			isa = PBXNativeTarget;
			buildConfigurationList = 34A7EB2D24B147E600F0BE47 /* Build configuration list for PBXNativeTarget "Tests macOS" */;
			buildPhases = (
				34A7EB1124B147E600F0BE47 /* Sources */,
				34A7EB1224B147E600F0BE47 /* Frameworks */,
				34A7EB1324B147E600F0BE47 /* Resources */,
			);
			buildRules = (
			);
			dependencies = (
				34A7EB1724B147E600F0BE47 /* PBXTargetDependency */,
			);
			name = "Tests macOS";
			productName = "Tests macOS";
			productReference = 34A7EB1524B147E600F0BE47 /* Tests macOS.xctest */;
			productType = "com.apple.product-type.bundle.ui-testing";
		};
/* End PBXNativeTarget section */

/* Begin PBXProject section */
		34A7EAEE24B147E500F0BE47 /* Project object */ = {
			isa = PBXProject;
			attributes = {
				LastSwiftUpdateCheck = 1200;
				LastUpgradeCheck = 1200;
				TargetAttributes = {
					34A7EAF924B147E600F0BE47 = {
						CreatedOnToolsVersion = 12.0;
					};
					34A7EB0124B147E600F0BE47 = {
						CreatedOnToolsVersion = 12.0;
					};
					34A7EB0924B147E600F0BE47 = {
						CreatedOnToolsVersion = 12.0;
						TestTargetID = 34A7EAF924B147E600F0BE47;
					};
					34A7EB1424B147E600F0BE47 = {
						CreatedOnToolsVersion = 12.0;
						TestTargetID = 34A7EB0124B147E600F0BE47;
					};
				};
			};
			buildConfigurationList = 34A7EAF124B147E500F0BE47 /* Build configuration list for PBXProject "CovidCity" */;
			compatibilityVersion = "Xcode 9.3";
			developmentRegion = en;
			hasScannedForEncodings = 0;
			knownRegions = (
				en,
				Base,
			);
			mainGroup = 34A7EAED24B147E500F0BE47;
			productRefGroup = 34A7EAFB24B147E600F0BE47 /* Products */;
			projectDirPath = "";
			projectRoot = "";
			targets = (
				34A7EAF924B147E600F0BE47 /* iOS */,
				34A7EB0124B147E600F0BE47 /* macOS */,
				34A7EB0924B147E600F0BE47 /* Tests iOS */,
				34A7EB1424B147E600F0BE47 /* Tests macOS */,
			);
		};
/* End PBXProject section */

/* Begin PBXResourcesBuildPhase section */
		34A7EAF824B147E600F0BE47 /* Resources */ = {
			isa = PBXResourcesBuildPhase;
			buildActionMask = 2147483647;
			files = (
				34A7EB2024B147E600F0BE47 /* Assets.xcassets in Resources */,
			);
			runOnlyForDeploymentPostprocessing = 0;
		};
		34A7EB0024B147E600F0BE47 /* Resources */ = {
			isa = PBXResourcesBuildPhase;
			buildActionMask = 2147483647;
			files = (
				34A7EB2124B147E600F0BE47 /* Assets.xcassets in Resources */,
			);
			runOnlyForDeploymentPostprocessing = 0;
		};
		34A7EB0824B147E600F0BE47 /* Resources */ = {
			isa = PBXResourcesBuildPhase;
			buildActionMask = 2147483647;
			files = (
			);
			runOnlyForDeploymentPostprocessing = 0;
		};
		34A7EB1324B147E600F0BE47 /* Resources */ = {
			isa = PBXResourcesBuildPhase;
			buildActionMask = 2147483647;
			files = (
			);
			runOnlyForDeploymentPostprocessing = 0;
		};
/* End PBXResourcesBuildPhase section */

/* Begin PBXSourcesBuildPhase section */
		34A7EAF624B147E600F0BE47 /* Sources */ = {
			isa = PBXSourcesBuildPhase;
			buildActionMask = 2147483647;
			files = (
				34A7EB1E24B147E600F0BE47 /* ContentView.swift in Sources */,
				34A7EB1C24B147E600F0BE47 /* CovidCityApp.swift in Sources */,
			);
			runOnlyForDeploymentPostprocessing = 0;
		};
		34A7EAFE24B147E600F0BE47 /* Sources */ = {
			isa = PBXSourcesBuildPhase;
			buildActionMask = 2147483647;
			files = (
				34A7EB1F24B147E600F0BE47 /* ContentView.swift in Sources */,
				34A7EB1D24B147E600F0BE47 /* CovidCityApp.swift in Sources */,
			);
			runOnlyForDeploymentPostprocessing = 0;
		};
		34A7EB0624B147E600F0BE47 /* Sources */ = {
			isa = PBXSourcesBuildPhase;
			buildActionMask = 2147483647;
			files = (
				34A7EB0F24B147E600F0BE47 /* Tests_iOS.swift in Sources */,
			);
			runOnlyForDeploymentPostprocessing = 0;
		};
		34A7EB1124B147E600F0BE47 /* Sources */ = {
			isa = PBXSourcesBuildPhase;
			buildActionMask = 2147483647;
			files = (
				34A7EB1A24B147E600F0BE47 /* Tests_macOS.swift in Sources */,
			);
			runOnlyForDeploymentPostprocessing = 0;
		};
/* End PBXSourcesBuildPhase section */

/* Begin PBXTargetDependency section */
		34A7EB0C24B147E600F0BE47 /* PBXTargetDependency */ = {
			isa = PBXTargetDependency;
			target = 34A7EAF924B147E600F0BE47 /* iOS */;
			targetProxy = 34A7EB0B24B147E600F0BE47 /* PBXContainerItemProxy */;
		};
		34A7EB1724B147E600F0BE47 /* PBXTargetDependency */ = {
			isa = PBXTargetDependency;
			target = 34A7EB0124B147E600F0BE47 /* macOS */;
			targetProxy = 34A7EB1624B147E600F0BE47 /* PBXContainerItemProxy */;
		};
/* End PBXTargetDependency section */

/* Begin XCBuildConfiguration section */
		34A7EB2224B147E600F0BE47 /* Debug */ = {
			isa = XCBuildConfiguration;
			buildSettings = {
				ALWAYS_SEARCH_USER_PATHS = NO;
				CLANG_ANALYZER_NONNULL = YES;
				CLANG_ANALYZER_NUMBER_OBJECT_CONVERSION = YES_AGGRESSIVE;
				CLANG_CXX_LANGUAGE_STANDARD = "gnu++14";
				CLANG_CXX_LIBRARY = "libc++";
				CLANG_ENABLE_MODULES = YES;
				CLANG_ENABLE_OBJC_ARC = YES;
				CLANG_ENABLE_OBJC_WEAK = YES;
				CLANG_WARN_BLOCK_CAPTURE_AUTORELEASING = YES;
				CLANG_WARN_BOOL_CONVERSION = YES;
				CLANG_WARN_COMMA = YES;
				CLANG_WARN_CONSTANT_CONVERSION = YES;
				CLANG_WARN_DEPRECATED_OBJC_IMPLEMENTATIONS = YES;
				CLANG_WARN_DIRECT_OBJC_ISA_USAGE = YES_ERROR;
				CLANG_WARN_DOCUMENTATION_COMMENTS = YES;
				CLANG_WARN_EMPTY_BODY = YES;
				CLANG_WARN_ENUM_CONVERSION = YES;
				CLANG_WARN_INFINITE_RECURSION = YES;
				CLANG_WARN_INT_CONVERSION = YES;
				CLANG_WARN_NON_LITERAL_NULL_CONVERSION = YES;
				CLANG_WARN_OBJC_IMPLICIT_RETAIN_SELF = YES;
				CLANG_WARN_OBJC_LITERAL_CONVERSION = YES;
				CLANG_WARN_OBJC_ROOT_CLASS = YES_ERROR;
				CLANG_WARN_QUOTED_INCLUDE_IN_FRAMEWORK_HEADER = YES;
				CLANG_WARN_RANGE_LOOP_ANALYSIS = YES;
				CLANG_WARN_STRICT_PROTOTYPES = YES;
				CLANG_WARN_SUSPICIOUS_MOVE = YES;
				CLANG_WARN_UNGUARDED_AVAILABILITY = YES_AGGRESSIVE;
				CLANG_WARN_UNREACHABLE_CODE = YES;
				CLANG_WARN__DUPLICATE_METHOD_MATCH = YES;
				COPY_PHASE_STRIP = NO;
				DEBUG_INFORMATION_FORMAT = dwarf;
				ENABLE_STRICT_OBJC_MSGSEND = YES;
				ENABLE_TESTABILITY = YES;
				GCC_C_LANGUAGE_STANDARD = gnu11;
				GCC_DYNAMIC_NO_PIC = NO;
				GCC_NO_COMMON_BLOCKS = YES;
				GCC_OPTIMIZATION_LEVEL = 0;
				GCC_PREPROCESSOR_DEFINITIONS = (
					"DEBUG=1",
					"$(inherited)",
				);
				GCC_WARN_64_TO_32_BIT_CONVERSION = YES;
				GCC_WARN_ABOUT_RETURN_TYPE = YES_ERROR;
				GCC_WARN_UNDECLARED_SELECTOR = YES;
				GCC_WARN_UNINITIALIZED_AUTOS = YES_AGGRESSIVE;
				GCC_WARN_UNUSED_FUNCTION = YES;
				GCC_WARN_UNUSED_VARIABLE = YES;
				MTL_ENABLE_DEBUG_INFO = INCLUDE_SOURCE;
				MTL_FAST_MATH = YES;
				ONLY_ACTIVE_ARCH = YES;
				SWIFT_ACTIVE_COMPILATION_CONDITIONS = DEBUG;
				SWIFT_OPTIMIZATION_LEVEL = "-Onone";
			};
			name = Debug;
		};
		34A7EB2324B147E600F0BE47 /* Release */ = {
			isa = XCBuildConfiguration;
			buildSettings = {
				ALWAYS_SEARCH_USER_PATHS = NO;
				CLANG_ANALYZER_NONNULL = YES;
				CLANG_ANALYZER_NUMBER_OBJECT_CONVERSION = YES_AGGRESSIVE;
				CLANG_CXX_LANGUAGE_STANDARD = "gnu++14";
				CLANG_CXX_LIBRARY = "libc++";
				CLANG_ENABLE_MODULES = YES;
				CLANG_ENABLE_OBJC_ARC = YES;
				CLANG_ENABLE_OBJC_WEAK = YES;
				CLANG_WARN_BLOCK_CAPTURE_AUTORELEASING = YES;
				CLANG_WARN_BOOL_CONVERSION = YES;
				CLANG_WARN_COMMA = YES;
				CLANG_WARN_CONSTANT_CONVERSION = YES;
				CLANG_WARN_DEPRECATED_OBJC_IMPLEMENTATIONS = YES;
				CLANG_WARN_DIRECT_OBJC_ISA_USAGE = YES_ERROR;
				CLANG_WARN_DOCUMENTATION_COMMENTS = YES;
				CLANG_WARN_EMPTY_BODY = YES;
				CLANG_WARN_ENUM_CONVERSION = YES;
				CLANG_WARN_INFINITE_RECURSION = YES;
				CLANG_WARN_INT_CONVERSION = YES;
				CLANG_WARN_NON_LITERAL_NULL_CONVERSION = YES;
				CLANG_WARN_OBJC_IMPLICIT_RETAIN_SELF = YES;
				CLANG_WARN_OBJC_LITERAL_CONVERSION = YES;
				CLANG_WARN_OBJC_ROOT_CLASS = YES_ERROR;
				CLANG_WARN_QUOTED_INCLUDE_IN_FRAMEWORK_HEADER = YES;
				CLANG_WARN_RANGE_LOOP_ANALYSIS = YES;
				CLANG_WARN_STRICT_PROTOTYPES = YES;
				CLANG_WARN_SUSPICIOUS_MOVE = YES;
				CLANG_WARN_UNGUARDED_AVAILABILITY = YES_AGGRESSIVE;
				CLANG_WARN_UNREACHABLE_CODE = YES;
				CLANG_WARN__DUPLICATE_METHOD_MATCH = YES;
				COPY_PHASE_STRIP = NO;
				DEBUG_INFORMATION_FORMAT = "dwarf-with-dsym";
				ENABLE_NS_ASSERTIONS = NO;
				ENABLE_STRICT_OBJC_MSGSEND = YES;
				GCC_C_LANGUAGE_STANDARD = gnu11;
				GCC_NO_COMMON_BLOCKS = YES;
				GCC_WARN_64_TO_32_BIT_CONVERSION = YES;
				GCC_WARN_ABOUT_RETURN_TYPE = YES_ERROR;
				GCC_WARN_UNDECLARED_SELECTOR = YES;
				GCC_WARN_UNINITIALIZED_AUTOS = YES_AGGRESSIVE;
				GCC_WARN_UNUSED_FUNCTION = YES;
				GCC_WARN_UNUSED_VARIABLE = YES;
				MTL_ENABLE_DEBUG_INFO = NO;
				MTL_FAST_MATH = YES;
				SWIFT_COMPILATION_MODE = wholemodule;
				SWIFT_OPTIMIZATION_LEVEL = "-O";
			};
			name = Release;
		};
		34A7EB2524B147E600F0BE47 /* Debug */ = {
			isa = XCBuildConfiguration;
			buildSettings = {
				ASSETCATALOG_COMPILER_APPICON_NAME = AppIcon;
				ASSETCATALOG_COMPILER_GLOBAL_ACCENT_COLOR_NAME = AccentColor;
				CODE_SIGN_STYLE = Automatic;
				DEVELOPMENT_TEAM = 4YMKH6V7P7;
				ENABLE_PREVIEWS = YES;
				INFOPLIST_FILE = iOS/Info.plist;
				IPHONEOS_DEPLOYMENT_TARGET = 14.0;
				LD_RUNPATH_SEARCH_PATHS = (
					"$(inherited)",
					"@executable_path/Frameworks",
				);
				PRODUCT_BUNDLE_IDENTIFIER = dev.romulomessias.CovidCity;
				PRODUCT_NAME = CovidCity;
				SDKROOT = iphoneos;
				SWIFT_VERSION = 5.0;
				TARGETED_DEVICE_FAMILY = "1,2";
			};
			name = Debug;
		};
		34A7EB2624B147E600F0BE47 /* Release */ = {
			isa = XCBuildConfiguration;
			buildSettings = {
				ASSETCATALOG_COMPILER_APPICON_NAME = AppIcon;
				ASSETCATALOG_COMPILER_GLOBAL_ACCENT_COLOR_NAME = AccentColor;
				CODE_SIGN_STYLE = Automatic;
				DEVELOPMENT_TEAM = 4YMKH6V7P7;
				ENABLE_PREVIEWS = YES;
				INFOPLIST_FILE = iOS/Info.plist;
				IPHONEOS_DEPLOYMENT_TARGET = 14.0;
				LD_RUNPATH_SEARCH_PATHS = (
					"$(inherited)",
					"@executable_path/Frameworks",
				);
				PRODUCT_BUNDLE_IDENTIFIER = dev.romulomessias.CovidCity;
				PRODUCT_NAME = CovidCity;
				SDKROOT = iphoneos;
				SWIFT_VERSION = 5.0;
				TARGETED_DEVICE_FAMILY = "1,2";
				VALIDATE_PRODUCT = YES;
			};
			name = Release;
		};
		34A7EB2824B147E600F0BE47 /* Debug */ = {
			isa = XCBuildConfiguration;
			buildSettings = {
				ASSETCATALOG_COMPILER_APPICON_NAME = AppIcon;
				ASSETCATALOG_COMPILER_GLOBAL_ACCENT_COLOR_NAME = AccentColor;
				CODE_SIGN_ENTITLEMENTS = macOS/macOS.entitlements;
				CODE_SIGN_STYLE = Automatic;
				COMBINE_HIDPI_IMAGES = YES;
				DEVELOPMENT_TEAM = 4YMKH6V7P7;
				ENABLE_HARDENED_RUNTIME = YES;
				ENABLE_PREVIEWS = YES;
				INFOPLIST_FILE = macOS/Info.plist;
				LD_RUNPATH_SEARCH_PATHS = (
					"$(inherited)",
					"@executable_path/../Frameworks",
				);
				MACOSX_DEPLOYMENT_TARGET = 10.16;
				PRODUCT_BUNDLE_IDENTIFIER = dev.romulomessias.CovidCity;
				PRODUCT_NAME = CovidCity;
				SDKROOT = macosx;
				SWIFT_VERSION = 5.0;
			};
			name = Debug;
		};
		34A7EB2924B147E600F0BE47 /* Release */ = {
			isa = XCBuildConfiguration;
			buildSettings = {
				ASSETCATALOG_COMPILER_APPICON_NAME = AppIcon;
				ASSETCATALOG_COMPILER_GLOBAL_ACCENT_COLOR_NAME = AccentColor;
				CODE_SIGN_ENTITLEMENTS = macOS/macOS.entitlements;
				CODE_SIGN_STYLE = Automatic;
				COMBINE_HIDPI_IMAGES = YES;
				DEVELOPMENT_TEAM = 4YMKH6V7P7;
				ENABLE_HARDENED_RUNTIME = YES;
				ENABLE_PREVIEWS = YES;
				INFOPLIST_FILE = macOS/Info.plist;
				LD_RUNPATH_SEARCH_PATHS = (
					"$(inherited)",
					"@executable_path/../Frameworks",
				);
				MACOSX_DEPLOYMENT_TARGET = 10.16;
				PRODUCT_BUNDLE_IDENTIFIER = dev.romulomessias.CovidCity;
				PRODUCT_NAME = CovidCity;
				SDKROOT = macosx;
				SWIFT_VERSION = 5.0;
			};
			name = Release;
		};
		34A7EB2B24B147E600F0BE47 /* Debug */ = {
			isa = XCBuildConfiguration;
			buildSettings = {
				ALWAYS_EMBED_SWIFT_STANDARD_LIBRARIES = YES;
				CODE_SIGN_STYLE = Automatic;
				DEVELOPMENT_TEAM = 4YMKH6V7P7;
				INFOPLIST_FILE = "Tests iOS/Info.plist";
				IPHONEOS_DEPLOYMENT_TARGET = 14.0;
				LD_RUNPATH_SEARCH_PATHS = (
					"$(inherited)",
					"@executable_path/Frameworks",
					"@loader_path/Frameworks",
				);
				PRODUCT_BUNDLE_IDENTIFIER = "dev.romulomessias.Tests-iOS";
				PRODUCT_NAME = "$(TARGET_NAME)";
				SDKROOT = iphoneos;
				SWIFT_VERSION = 5.0;
				TARGETED_DEVICE_FAMILY = "1,2";
				TEST_TARGET_NAME = iOS;
			};
			name = Debug;
		};
		34A7EB2C24B147E600F0BE47 /* Release */ = {
			isa = XCBuildConfiguration;
			buildSettings = {
				ALWAYS_EMBED_SWIFT_STANDARD_LIBRARIES = YES;
				CODE_SIGN_STYLE = Automatic;
				DEVELOPMENT_TEAM = 4YMKH6V7P7;
				INFOPLIST_FILE = "Tests iOS/Info.plist";
				IPHONEOS_DEPLOYMENT_TARGET = 14.0;
				LD_RUNPATH_SEARCH_PATHS = (
					"$(inherited)",
					"@executable_path/Frameworks",
					"@loader_path/Frameworks",
				);
				PRODUCT_BUNDLE_IDENTIFIER = "dev.romulomessias.Tests-iOS";
				PRODUCT_NAME = "$(TARGET_NAME)";
				SDKROOT = iphoneos;
				SWIFT_VERSION = 5.0;
				TARGETED_DEVICE_FAMILY = "1,2";
				TEST_TARGET_NAME = iOS;
				VALIDATE_PRODUCT = YES;
			};
			name = Release;
		};
		34A7EB2E24B147E600F0BE47 /* Debug */ = {
			isa = XCBuildConfiguration;
			buildSettings = {
				ALWAYS_EMBED_SWIFT_STANDARD_LIBRARIES = YES;
				CODE_SIGN_STYLE = Automatic;
				COMBINE_HIDPI_IMAGES = YES;
				DEVELOPMENT_TEAM = 4YMKH6V7P7;
				INFOPLIST_FILE = "Tests macOS/Info.plist";
				LD_RUNPATH_SEARCH_PATHS = (
					"$(inherited)",
					"@executable_path/../Frameworks",
					"@loader_path/../Frameworks",
				);
				MACOSX_DEPLOYMENT_TARGET = 10.15;
				PRODUCT_BUNDLE_IDENTIFIER = "dev.romulomessias.Tests-macOS";
				PRODUCT_NAME = "$(TARGET_NAME)";
				SDKROOT = macosx;
				SWIFT_VERSION = 5.0;
				TEST_TARGET_NAME = macOS;
			};
			name = Debug;
		};
		34A7EB2F24B147E600F0BE47 /* Release */ = {
			isa = XCBuildConfiguration;
			buildSettings = {
				ALWAYS_EMBED_SWIFT_STANDARD_LIBRARIES = YES;
				CODE_SIGN_STYLE = Automatic;
				COMBINE_HIDPI_IMAGES = YES;
				DEVELOPMENT_TEAM = 4YMKH6V7P7;
				INFOPLIST_FILE = "Tests macOS/Info.plist";
				LD_RUNPATH_SEARCH_PATHS = (
					"$(inherited)",
					"@executable_path/../Frameworks",
					"@loader_path/../Frameworks",
				);
				MACOSX_DEPLOYMENT_TARGET = 10.15;
				PRODUCT_BUNDLE_IDENTIFIER = "dev.romulomessias.Tests-macOS";
				PRODUCT_NAME = "$(TARGET_NAME)";
				SDKROOT = macosx;
				SWIFT_VERSION = 5.0;
				TEST_TARGET_NAME = macOS;
			};
			name = Release;
		};
/* End XCBuildConfiguration section */

/* Begin XCConfigurationList section */
		34A7EAF124B147E500F0BE47 /* Build configuration list for PBXProject "CovidCity" */ = {
			isa = XCConfigurationList;
			buildConfigurations = (
				34A7EB2224B147E600F0BE47 /* Debug */,
				34A7EB2324B147E600F0BE47 /* Release */,
			);
			defaultConfigurationIsVisible = 0;
			defaultConfigurationName = Release;
		};
		34A7EB2424B147E600F0BE47 /* Build configuration list for PBXNativeTarget "iOS" */ = {
			isa = XCConfigurationList;
			buildConfigurations = (
				34A7EB2524B147E600F0BE47 /* Debug */,
				34A7EB2624B147E600F0BE47 /* Release */,
			);
			defaultConfigurationIsVisible = 0;
			defaultConfigurationName = Release;
		};
		34A7EB2724B147E600F0BE47 /* Build configuration list for PBXNativeTarget "macOS" */ = {
			isa = XCConfigurationList;
			buildConfigurations = (
				34A7EB2824B147E600F0BE47 /* Debug */,
				34A7EB2924B147E600F0BE47 /* Release */,
			);
			defaultConfigurationIsVisible = 0;
			defaultConfigurationName = Release;
		};
		34A7EB2A24B147E600F0BE47 /* Build configuration list for PBXNativeTarget "Tests iOS" */ = {
			isa = XCConfigurationList;
			buildConfigurations = (
				34A7EB2B24B147E600F0BE47 /* Debug */,
				34A7EB2C24B147E600F0BE47 /* Release */,
			);
			defaultConfigurationIsVisible = 0;
			defaultConfigurationName = Release;
		};
		34A7EB2D24B147E600F0BE47 /* Build configuration list for PBXNativeTarget "Tests macOS" */ = {
			isa = XCConfigurationList;
			buildConfigurations = (
				34A7EB2E24B147E600F0BE47 /* Debug */,
				34A7EB2F24B147E600F0BE47 /* Release */,
			);
			defaultConfigurationIsVisible = 0;
			defaultConfigurationName = Release;
		};
/* End XCConfigurationList section */
	};
	rootObject = 34A7EAEE24B147E500F0BE47 /* Project object */;
}
